// !$*UTF8*$!
{
	archiveVersion = 1;
	classes = {
	};
	objectVersion = 77;
	objects = {

/* Begin PBXContainerItemProxy section */
		D5F76FD12DF93B8D005CE703 /* PBXContainerItemProxy */ = {
			isa = PBXContainerItemProxy;
			containerPortal = D5F76FBB2DF93B8B005CE703 /* Project object */;
			proxyType = 1;
			remoteGlobalIDString = D5F76FC22DF93B8B005CE703;
			remoteInfo = TddCounter;
		};
		D5F76FDB2DF93B8D005CE703 /* PBXContainerItemProxy */ = {
			isa = PBXContainerItemProxy;
			containerPortal = D5F76FBB2DF93B8B005CE703 /* Project object */;
			proxyType = 1;
			remoteGlobalIDString = D5F76FC22DF93B8B005CE703;
			remoteInfo = TddCounter;
		};
/* End PBXContainerItemProxy section */

/* Begin PBXFileReference section */
		D5F76FC32DF93B8B005CE703 /* TddCounter.app */ = {isa = PBXFileReference; explicitFileType = wrapper.application; includeInIndex = 0; path = TddCounter.app; sourceTree = BUILT_PRODUCTS_DIR; };
		D5F76FD02DF93B8D005CE703 /* TddCounterTests.xctest */ = {isa = PBXFileReference; explicitFileType = wrapper.cfbundle; includeInIndex = 0; path = TddCounterTests.xctest; sourceTree = BUILT_PRODUCTS_DIR; };
		D5F76FDA2DF93B8D005CE703 /* TddCounterUITests.xctest */ = {isa = PBXFileReference; explicitFileType = wrapper.cfbundle; includeInIndex = 0; path = TddCounterUITests.xctest; sourceTree = BUILT_PRODUCTS_DIR; };
/* End PBXFileReference section */

/* Begin PBXFileSystemSynchronizedRootGroup section */
		D5F76FC52DF93B8B005CE703 /* TddCounter */ = {
			isa = PBXFileSystemSynchronizedRootGroup;
			path = TddCounter;
			sourceTree = "<group>";
		};
		D5F76FD32DF93B8D005CE703 /* TddCounterTests */ = {
			isa = PBXFileSystemSynchronizedRootGroup;
			path = TddCounterTests;
			sourceTree = "<group>";
		};
		D5F76FDD2DF93B8D005CE703 /* TddCounterUITests */ = {
			isa = PBXFileSystemSynchronizedRootGroup;
			path = TddCounterUITests;
			sourceTree = "<group>";
		};
/* End PBXFileSystemSynchronizedRootGroup section */

/* Begin PBXFrameworksBuildPhase section */
		D5F76FC02DF93B8B005CE703 /* Frameworks */ = {
			isa = PBXFrameworksBuildPhase;
			buildActionMask = 2147483647;
			files = (
			);
			runOnlyForDeploymentPostprocessing = 0;
		};
		D5F76FCD2DF93B8D005CE703 /* Frameworks */ = {
			isa = PBXFrameworksBuildPhase;
			buildActionMask = 2147483647;
			files = (
			);
			runOnlyForDeploymentPostprocessing = 0;
		};
		D5F76FD72DF93B8D005CE703 /* Frameworks */ = {
			isa = PBXFrameworksBuildPhase;
			buildActionMask = 2147483647;
			files = (
			);
			runOnlyForDeploymentPostprocessing = 0;
		};
/* End PBXFrameworksBuildPhase section */

/* Begin PBXGroup section */
		D5F76FBA2DF93B8B005CE703 = {
			isa = PBXGroup;
			children = (
				D5F76FC52DF93B8B005CE703 /* TddCounter */,
				D5F76FD32DF93B8D005CE703 /* TddCounterTests */,
				D5F76FDD2DF93B8D005CE703 /* TddCounterUITests */,
				D5F76FC42DF93B8B005CE703 /* Products */,
			);
			sourceTree = "<group>";
		};
		D5F76FC42DF93B8B005CE703 /* Products */ = {
			isa = PBXGroup;
			children = (
				D5F76FC32DF93B8B005CE703 /* TddCounter.app */,
				D5F76FD02DF93B8D005CE703 /* TddCounterTests.xctest */,
				D5F76FDA2DF93B8D005CE703 /* TddCounterUITests.xctest */,
			);
			name = Products;
			sourceTree = "<group>";
		};
/* End PBXGroup section */

/* Begin PBXNativeTarget section */
		D5F76FC22DF93B8B005CE703 /* TddCounter */ = {
			isa = PBXNativeTarget;
			buildConfigurationList = D5F76FE42DF93B8D005CE703 /* Build configuration list for PBXNativeTarget "TddCounter" */;
			buildPhases = (
				D5F76FBF2DF93B8B005CE703 /* Sources */,
				D5F76FC02DF93B8B005CE703 /* Frameworks */,
				D5F76FC12DF93B8B005CE703 /* Resources */,
			);
			buildRules = (
			);
			dependencies = (
			);
			fileSystemSynchronizedGroups = (
				D5F76FC52DF93B8B005CE703 /* TddCounter */,
			);
			name = TddCounter;
			packageProductDependencies = (
			);
			productName = TddCounter;
			productReference = D5F76FC32DF93B8B005CE703 /* TddCounter.app */;
			productType = "com.apple.product-type.application";
		};
		D5F76FCF2DF93B8D005CE703 /* TddCounterTests */ = {
			isa = PBXNativeTarget;
			buildConfigurationList = D5F76FE72DF93B8D005CE703 /* Build configuration list for PBXNativeTarget "TddCounterTests" */;
			buildPhases = (
				D5F76FCC2DF93B8D005CE703 /* Sources */,
				D5F76FCD2DF93B8D005CE703 /* Frameworks */,
				D5F76FCE2DF93B8D005CE703 /* Resources */,
			);
			buildRules = (
			);
			dependencies = (
				D5F76FD22DF93B8D005CE703 /* PBXTargetDependency */,
			);
			fileSystemSynchronizedGroups = (
				D5F76FD32DF93B8D005CE703 /* TddCounterTests */,
			);
			name = TddCounterTests;
			packageProductDependencies = (
			);
			productName = TddCounterTests;
			productReference = D5F76FD02DF93B8D005CE703 /* TddCounterTests.xctest */;
			productType = "com.apple.product-type.bundle.unit-test";
		};
		D5F76FD92DF93B8D005CE703 /* TddCounterUITests */ = {
			isa = PBXNativeTarget;
			buildConfigurationList = D5F76FEA2DF93B8D005CE703 /* Build configuration list for PBXNativeTarget "TddCounterUITests" */;
			buildPhases = (
				D5F76FD62DF93B8D005CE703 /* Sources */,
				D5F76FD72DF93B8D005CE703 /* Frameworks */,
				D5F76FD82DF93B8D005CE703 /* Resources */,
			);
			buildRules = (
			);
			dependencies = (
				D5F76FDC2DF93B8D005CE703 /* PBXTargetDependency */,
			);
			fileSystemSynchronizedGroups = (
				D5F76FDD2DF93B8D005CE703 /* TddCounterUITests */,
			);
			name = TddCounterUITests;
			packageProductDependencies = (
			);
			productName = TddCounterUITests;
			productReference = D5F76FDA2DF93B8D005CE703 /* TddCounterUITests.xctest */;
			productType = "com.apple.product-type.bundle.ui-testing";
		};
/* End PBXNativeTarget section */

/* Begin PBXProject section */
		D5F76FBB2DF93B8B005CE703 /* Project object */ = {
			isa = PBXProject;
			attributes = {
				BuildIndependentTargetsInParallel = 1;
				LastSwiftUpdateCheck = 1640;
				LastUpgradeCheck = 1640;
				TargetAttributes = {
					D5F76FC22DF93B8B005CE703 = {
						CreatedOnToolsVersion = 16.4;
					};
					D5F76FCF2DF93B8D005CE703 = {
						CreatedOnToolsVersion = 16.4;
						TestTargetID = D5F76FC22DF93B8B005CE703;
					};
					D5F76FD92DF93B8D005CE703 = {
						CreatedOnToolsVersion = 16.4;
						TestTargetID = D5F76FC22DF93B8B005CE703;
					};
				};
			};
			buildConfigurationList = D5F76FBE2DF93B8B005CE703 /* Build configuration list for PBXProject "TddCounter" */;
			developmentRegion = en;
			hasScannedForEncodings = 0;
			knownRegions = (
				en,
				Base,
			);
			mainGroup = D5F76FBA2DF93B8B005CE703;
			minimizedProjectReferenceProxies = 1;
			preferredProjectObjectVersion = 77;
			productRefGroup = D5F76FC42DF93B8B005CE703 /* Products */;
			projectDirPath = "";
			projectRoot = "";
			targets = (
				D5F76FC22DF93B8B005CE703 /* TddCounter */,
				D5F76FCF2DF93B8D005CE703 /* TddCounterTests */,
				D5F76FD92DF93B8D005CE703 /* TddCounterUITests */,
			);
		};
/* End PBXProject section */

/* Begin PBXResourcesBuildPhase section */
		D5F76FC12DF93B8B005CE703 /* Resources */ = {
			isa = PBXResourcesBuildPhase;
			buildActionMask = 2147483647;
			files = (
			);
			runOnlyForDeploymentPostprocessing = 0;
		};
		D5F76FCE2DF93B8D005CE703 /* Resources */ = {
			isa = PBXResourcesBuildPhase;
			buildActionMask = 2147483647;
			files = (
			);
			runOnlyForDeploymentPostprocessing = 0;
		};
		D5F76FD82DF93B8D005CE703 /* Resources */ = {
			isa = PBXResourcesBuildPhase;
			buildActionMask = 2147483647;
			files = (
			);
			runOnlyForDeploymentPostprocessing = 0;
		};
/* End PBXResourcesBuildPhase section */

/* Begin PBXSourcesBuildPhase section */
		D5F76FBF2DF93B8B005CE703 /* Sources */ = {
			isa = PBXSourcesBuildPhase;
			buildActionMask = 2147483647;
			files = (
			);
			runOnlyForDeploymentPostprocessing = 0;
		};
		D5F76FCC2DF93B8D005CE703 /* Sources */ = {
			isa = PBXSourcesBuildPhase;
			buildActionMask = 2147483647;
			files = (
			);
			runOnlyForDeploymentPostprocessing = 0;
		};
		D5F76FD62DF93B8D005CE703 /* Sources */ = {
			isa = PBXSourcesBuildPhase;
			buildActionMask = 2147483647;
			files = (
			);
			runOnlyForDeploymentPostprocessing = 0;
		};
/* End PBXSourcesBuildPhase section */

/* Begin PBXTargetDependency section */
		D5F76FD22DF93B8D005CE703 /* PBXTargetDependency */ = {
			isa = PBXTargetDependency;
			target = D5F76FC22DF93B8B005CE703 /* TddCounter */;
			targetProxy = D5F76FD12DF93B8D005CE703 /* PBXContainerItemProxy */;
		};
		D5F76FDC2DF93B8D005CE703 /* PBXTargetDependency */ = {
			isa = PBXTargetDependency;
			target = D5F76FC22DF93B8B005CE703 /* TddCounter */;
			targetProxy = D5F76FDB2DF93B8D005CE703 /* PBXContainerItemProxy */;
		};
/* End PBXTargetDependency section */

/* Begin XCBuildConfiguration section */
		D5F76FE22DF93B8D005CE703 /* Debug */ = {
			isa = XCBuildConfiguration;
			buildSettings = {
				ALWAYS_SEARCH_USER_PATHS = NO;
				ASSETCATALOG_COMPILER_GENERATE_SWIFT_ASSET_SYMBOL_EXTENSIONS = YES;
				CLANG_ANALYZER_NONNULL = YES;
				CLANG_ANALYZER_NUMBER_OBJECT_CONVERSION = YES_AGGRESSIVE;
				CLANG_CXX_LANGUAGE_STANDARD = "gnu++20";
				CLANG_ENABLE_MODULES = YES;
				CLANG_ENABLE_OBJC_ARC = YES;
				CLANG_ENABLE_OBJC_WEAK = YES;
				CLANG_WARN_BLOCK_CAPTURE_AUTORELEASING = YES;
				CLANG_WARN_BOOL_CONVERSION = YES;
				CLANG_WARN_COMMA = YES;
				CLANG_WARN_CONSTANT_CONVERSION = YES;
				CLANG_WARN_DEPRECATED_OBJC_IMPLEMENTATIONS = YES;
				CLANG_WARN_DIRECT_OBJC_ISA_USAGE = YES_ERROR;
				CLANG_WARN_DOCUMENTATION_COMMENTS = YES;
				CLANG_WARN_EMPTY_BODY = YES;
				CLANG_WARN_ENUM_CONVERSION = YES;
				CLANG_WARN_INFINITE_RECURSION = YES;
				CLANG_WARN_INT_CONVERSION = YES;
				CLANG_WARN_NON_LITERAL_NULL_CONVERSION = YES;
				CLANG_WARN_OBJC_IMPLICIT_RETAIN_SELF = YES;
				CLANG_WARN_OBJC_LITERAL_CONVERSION = YES;
				CLANG_WARN_OBJC_ROOT_CLASS = YES_ERROR;
				CLANG_WARN_QUOTED_INCLUDE_IN_FRAMEWORK_HEADER = YES;
				CLANG_WARN_RANGE_LOOP_ANALYSIS = YES;
				CLANG_WARN_STRICT_PROTOTYPES = YES;
				CLANG_WARN_SUSPICIOUS_MOVE = YES;
				CLANG_WARN_UNGUARDED_AVAILABILITY = YES_AGGRESSIVE;
				CLANG_WARN_UNREACHABLE_CODE = YES;
				CLANG_WARN__DUPLICATE_METHOD_MATCH = YES;
				COPY_PHASE_STRIP = NO;
				DEBUG_INFORMATION_FORMAT = dwarf;
				DEVELOPMENT_TEAM = UUD4WPFJTD;
				ENABLE_STRICT_OBJC_MSGSEND = YES;
				ENABLE_TESTABILITY = YES;
				ENABLE_USER_SCRIPT_SANDBOXING = YES;
				GCC_C_LANGUAGE_STANDARD = gnu17;
				GCC_DYNAMIC_NO_PIC = NO;
				GCC_NO_COMMON_BLOCKS = YES;
				GCC_OPTIMIZATION_LEVEL = 0;
				GCC_PREPROCESSOR_DEFINITIONS = (
					"DEBUG=1",
					"$(inherited)",
				);
				GCC_WARN_64_TO_32_BIT_CONVERSION = YES;
				GCC_WARN_ABOUT_RETURN_TYPE = YES_ERROR;
				GCC_WARN_UNDECLARED_SELECTOR = YES;
				GCC_WARN_UNINITIALIZED_AUTOS = YES_AGGRESSIVE;
				GCC_WARN_UNUSED_FUNCTION = YES;
				GCC_WARN_UNUSED_VARIABLE = YES;
				IPHONEOS_DEPLOYMENT_TARGET = 18.5;
				LOCALIZATION_PREFERS_STRING_CATALOGS = YES;
				MTL_ENABLE_DEBUG_INFO = INCLUDE_SOURCE;
				MTL_FAST_MATH = YES;
				ONLY_ACTIVE_ARCH = YES;
				SDKROOT = iphoneos;
				SWIFT_ACTIVE_COMPILATION_CONDITIONS = "DEBUG $(inherited)";
				SWIFT_OPTIMIZATION_LEVEL = "-Onone";
			};
			name = Debug;
		};
		D5F76FE32DF93B8D005CE703 /* Release */ = {
			isa = XCBuildConfiguration;
			buildSettings = {
				ALWAYS_SEARCH_USER_PATHS = NO;
				ASSETCATALOG_COMPILER_GENERATE_SWIFT_ASSET_SYMBOL_EXTENSIONS = YES;
				CLANG_ANALYZER_NONNULL = YES;
				CLANG_ANALYZER_NUMBER_OBJECT_CONVERSION = YES_AGGRESSIVE;
				CLANG_CXX_LANGUAGE_STANDARD = "gnu++20";
				CLANG_ENABLE_MODULES = YES;
				CLANG_ENABLE_OBJC_ARC = YES;
				CLANG_ENABLE_OBJC_WEAK = YES;
				CLANG_WARN_BLOCK_CAPTURE_AUTORELEASING = YES;
				CLANG_WARN_BOOL_CONVERSION = YES;
				CLANG_WARN_COMMA = YES;
				CLANG_WARN_CONSTANT_CONVERSION = YES;
				CLANG_WARN_DEPRECATED_OBJC_IMPLEMENTATIONS = YES;
				CLANG_WARN_DIRECT_OBJC_ISA_USAGE = YES_ERROR;
				CLANG_WARN_DOCUMENTATION_COMMENTS = YES;
				CLANG_WARN_EMPTY_BODY = YES;
				CLANG_WARN_ENUM_CONVERSION = YES;
				CLANG_WARN_INFINITE_RECURSION = YES;
				CLANG_WARN_INT_CONVERSION = YES;
				CLANG_WARN_NON_LITERAL_NULL_CONVERSION = YES;
				CLANG_WARN_OBJC_IMPLICIT_RETAIN_SELF = YES;
				CLANG_WARN_OBJC_LITERAL_CONVERSION = YES;
				CLANG_WARN_OBJC_ROOT_CLASS = YES_ERROR;
				CLANG_WARN_QUOTED_INCLUDE_IN_FRAMEWORK_HEADER = YES;
				CLANG_WARN_RANGE_LOOP_ANALYSIS = YES;
				CLANG_WARN_STRICT_PROTOTYPES = YES;
				CLANG_WARN_SUSPICIOUS_MOVE = YES;
				CLANG_WARN_UNGUARDED_AVAILABILITY = YES_AGGRESSIVE;
				CLANG_WARN_UNREACHABLE_CODE = YES;
				CLANG_WARN__DUPLICATE_METHOD_MATCH = YES;
				COPY_PHASE_STRIP = NO;
				DEBUG_INFORMATION_FORMAT = "dwarf-with-dsym";
				DEVELOPMENT_TEAM = UUD4WPFJTD;
				ENABLE_NS_ASSERTIONS = NO;
				ENABLE_STRICT_OBJC_MSGSEND = YES;
				ENABLE_USER_SCRIPT_SANDBOXING = YES;
				GCC_C_LANGUAGE_STANDARD = gnu17;
				GCC_NO_COMMON_BLOCKS = YES;
				GCC_WARN_64_TO_32_BIT_CONVERSION = YES;
				GCC_WARN_ABOUT_RETURN_TYPE = YES_ERROR;
				GCC_WARN_UNDECLARED_SELECTOR = YES;
				GCC_WARN_UNINITIALIZED_AUTOS = YES_AGGRESSIVE;
				GCC_WARN_UNUSED_FUNCTION = YES;
				GCC_WARN_UNUSED_VARIABLE = YES;
				IPHONEOS_DEPLOYMENT_TARGET = 18.5;
				LOCALIZATION_PREFERS_STRING_CATALOGS = YES;
				MTL_ENABLE_DEBUG_INFO = NO;
				MTL_FAST_MATH = YES;
				SDKROOT = iphoneos;
				SWIFT_COMPILATION_MODE = wholemodule;
				VALIDATE_PRODUCT = YES;
			};
			name = Release;
		};
		D5F76FE52DF93B8D005CE703 /* Debug */ = {
			isa = XCBuildConfiguration;
			buildSettings = {
				ASSETCATALOG_COMPILER_APPICON_NAME = AppIcon;
				ASSETCATALOG_COMPILER_GLOBAL_ACCENT_COLOR_NAME = AccentColor;
				CODE_SIGN_STYLE = Automatic;
				CURRENT_PROJECT_VERSION = 1;
				DEVELOPMENT_TEAM = UUD4WPFJTD;
				ENABLE_PREVIEWS = YES;
				GENERATE_INFOPLIST_FILE = YES;
				INFOPLIST_KEY_UIApplicationSceneManifest_Generation = YES;
				INFOPLIST_KEY_UIApplicationSupportsIndirectInputEvents = YES;
				INFOPLIST_KEY_UILaunchScreen_Generation = YES;
				INFOPLIST_KEY_UISupportedInterfaceOrientations_iPad = "UIInterfaceOrientationPortrait UIInterfaceOrientationPortraitUpsideDown UIInterfaceOrientationLandscapeLeft UIInterfaceOrientationLandscapeRight";
				INFOPLIST_KEY_UISupportedInterfaceOrientations_iPhone = "UIInterfaceOrientationPortrait UIInterfaceOrientationLandscapeLeft UIInterfaceOrientationLandscapeRight";
				LD_RUNPATH_SEARCH_PATHS = (
					"$(inherited)",
					"@executable_path/Frameworks",
				);
				MARKETING_VERSION = 1.0;
				PRODUCT_BUNDLE_IDENTIFIER = com.asapapalab.TddCounter;
				PRODUCT_NAME = "$(TARGET_NAME)";
				SWIFT_EMIT_LOC_STRINGS = YES;
				SWIFT_VERSION = 5.0;
				TARGETED_DEVICE_FAMILY = "1,2";
			};
			name = Debug;
		};
		D5F76FE62DF93B8D005CE703 /* Release */ = {
			isa = XCBuildConfiguration;
			buildSettings = {
				ASSETCATALOG_COMPILER_APPICON_NAME = AppIcon;
				ASSETCATALOG_COMPILER_GLOBAL_ACCENT_COLOR_NAME = AccentColor;
				CODE_SIGN_STYLE = Automatic;
				CURRENT_PROJECT_VERSION = 1;
				DEVELOPMENT_TEAM = UUD4WPFJTD;
				ENABLE_PREVIEWS = YES;
				GENERATE_INFOPLIST_FILE = YES;
				INFOPLIST_KEY_UIApplicationSceneManifest_Generation = YES;
				INFOPLIST_KEY_UIApplicationSupportsIndirectInputEvents = YES;
				INFOPLIST_KEY_UILaunchScreen_Generation = YES;
				INFOPLIST_KEY_UISupportedInterfaceOrientations_iPad = "UIInterfaceOrientationPortrait UIInterfaceOrientationPortraitUpsideDown UIInterfaceOrientationLandscapeLeft UIInterfaceOrientationLandscapeRight";
				INFOPLIST_KEY_UISupportedInterfaceOrientations_iPhone = "UIInterfaceOrientationPortrait UIInterfaceOrientationLandscapeLeft UIInterfaceOrientationLandscapeRight";
				LD_RUNPATH_SEARCH_PATHS = (
					"$(inherited)",
					"@executable_path/Frameworks",
				);
				MARKETING_VERSION = 1.0;
				PRODUCT_BUNDLE_IDENTIFIER = com.asapapalab.TddCounter;
				PRODUCT_NAME = "$(TARGET_NAME)";
				SWIFT_EMIT_LOC_STRINGS = YES;
				SWIFT_VERSION = 5.0;
				TARGETED_DEVICE_FAMILY = "1,2";
			};
			name = Release;
		};
		D5F76FE82DF93B8D005CE703 /* Debug */ = {
			isa = XCBuildConfiguration;
			buildSettings = {
				BUNDLE_LOADER = "$(TEST_HOST)";
				CODE_SIGN_STYLE = Automatic;
				CURRENT_PROJECT_VERSION = 1;
				DEVELOPMENT_TEAM = UUD4WPFJTD;
				GENERATE_INFOPLIST_FILE = YES;
				IPHONEOS_DEPLOYMENT_TARGET = 18.5;
				MARKETING_VERSION = 1.0;
				PRODUCT_BUNDLE_IDENTIFIER = com.asapapalab.TddCounterTests;
				PRODUCT_NAME = "$(TARGET_NAME)";
				SWIFT_EMIT_LOC_STRINGS = NO;
				SWIFT_VERSION = 5.0;
				TARGETED_DEVICE_FAMILY = "1,2";
				TEST_HOST = "$(BUILT_PRODUCTS_DIR)/TddCounter.app/$(BUNDLE_EXECUTABLE_FOLDER_PATH)/TddCounter";
			};
			name = Debug;
		};
		D5F76FE92DF93B8D005CE703 /* Release */ = {
			isa = XCBuildConfiguration;
			buildSettings = {
				BUNDLE_LOADER = "$(TEST_HOST)";
				CODE_SIGN_STYLE = Automatic;
				CURRENT_PROJECT_VERSION = 1;
				DEVELOPMENT_TEAM = UUD4WPFJTD;
				GENERATE_INFOPLIST_FILE = YES;
				IPHONEOS_DEPLOYMENT_TARGET = 18.5;
				MARKETING_VERSION = 1.0;
				PRODUCT_BUNDLE_IDENTIFIER = com.asapapalab.TddCounterTests;
				PRODUCT_NAME = "$(TARGET_NAME)";
				SWIFT_EMIT_LOC_STRINGS = NO;
				SWIFT_VERSION = 5.0;
				TARGETED_DEVICE_FAMILY = "1,2";
				TEST_HOST = "$(BUILT_PRODUCTS_DIR)/TddCounter.app/$(BUNDLE_EXECUTABLE_FOLDER_PATH)/TddCounter";
			};
			name = Release;
		};
		D5F76FEB2DF93B8D005CE703 /* Debug */ = {
			isa = XCBuildConfiguration;
			buildSettings = {
				CODE_SIGN_STYLE = Automatic;
				CURRENT_PROJECT_VERSION = 1;
				DEVELOPMENT_TEAM = UUD4WPFJTD;
				GENERATE_INFOPLIST_FILE = YES;
				MARKETING_VERSION = 1.0;
				PRODUCT_BUNDLE_IDENTIFIER = com.asapapalab.TddCounterUITests;
				PRODUCT_NAME = "$(TARGET_NAME)";
				SWIFT_EMIT_LOC_STRINGS = NO;
				SWIFT_VERSION = 5.0;
				TARGETED_DEVICE_FAMILY = "1,2";
				TEST_TARGET_NAME = TddCounter;
			};
			name = Debug;
		};
		D5F76FEC2DF93B8D005CE703 /* Release */ = {
			isa = XCBuildConfiguration;
			buildSettings = {
				CODE_SIGN_STYLE = Automatic;
				CURRENT_PROJECT_VERSION = 1;
				DEVELOPMENT_TEAM = UUD4WPFJTD;
				GENERATE_INFOPLIST_FILE = YES;
				MARKETING_VERSION = 1.0;
				PRODUCT_BUNDLE_IDENTIFIER = com.asapapalab.TddCounterUITests;
				PRODUCT_NAME = "$(TARGET_NAME)";
				SWIFT_EMIT_LOC_STRINGS = NO;
				SWIFT_VERSION = 5.0;
				TARGETED_DEVICE_FAMILY = "1,2";
				TEST_TARGET_NAME = TddCounter;
			};
			name = Release;
		};
/* End XCBuildConfiguration section */

/* Begin XCConfigurationList section */
		D5F76FBE2DF93B8B005CE703 /* Build configuration list for PBXProject "TddCounter" */ = {
			isa = XCConfigurationList;
			buildConfigurations = (
				D5F76FE22DF93B8D005CE703 /* Debug */,
				D5F76FE32DF93B8D005CE703 /* Release */,
			);
			defaultConfigurationIsVisible = 0;
			defaultConfigurationName = Release;
		};
		D5F76FE42DF93B8D005CE703 /* Build configuration list for PBXNativeTarget "TddCounter" */ = {
			isa = XCConfigurationList;
			buildConfigurations = (
				D5F76FE52DF93B8D005CE703 /* Debug */,
				D5F76FE62DF93B8D005CE703 /* Release */,
			);
			defaultConfigurationIsVisible = 0;
			defaultConfigurationName = Release;
		};
		D5F76FE72DF93B8D005CE703 /* Build configuration list for PBXNativeTarget "TddCounterTests" */ = {
			isa = XCConfigurationList;
			buildConfigurations = (
				D5F76FE82DF93B8D005CE703 /* Debug */,
				D5F76FE92DF93B8D005CE703 /* Release */,
			);
			defaultConfigurationIsVisible = 0;
			defaultConfigurationName = Release;
		};
		D5F76FEA2DF93B8D005CE703 /* Build configuration list for PBXNativeTarget "TddCounterUITests" */ = {
			isa = XCConfigurationList;
			buildConfigurations = (
				D5F76FEB2DF93B8D005CE703 /* Debug */,
				D5F76FEC2DF93B8D005CE703 /* Release */,
			);
			defaultConfigurationIsVisible = 0;
			defaultConfigurationName = Release;
		};
/* End XCConfigurationList section */
	};
	rootObject = D5F76FBB2DF93B8B005CE703 /* Project object */;
}
